
Microsoft Visual Studio Solution File, Format Version 12.00
# Visual Studio Version 17
VisualStudioVersion = 17.5.33424.131
MinimumVisualStudioVersion = 10.0.40219.1
Project("{FAE04EC0-301F-11D3-BF4B-00C04F79EFBC}") = "Practice_6", "Practice_6\Practice_6.csproj", "{E5562EFC-BB42-4DFB-B003-69C1FA0AC67E}"
EndProject
Global
	GlobalSection(SolutionConfigurationPlatforms) = preSolution
		Debug|Any CPU = Debug|Any CPU
		Release|Any CPU = Release|Any CPU
	EndGlobalSection
	GlobalSection(ProjectConfigurationPlatforms) = postSolution
		{E5562EFC-BB42-4DFB-B003-69C1FA0AC67E}.Debug|Any CPU.ActiveCfg = Debug|Any CPU
		{E5562EFC-BB42-4DFB-B003-69C1FA0AC67E}.Debug|Any CPU.Build.0 = Debug|Any CPU
		{E5562EFC-BB42-4DFB-B003-69C1FA0AC67E}.Release|Any CPU.ActiveCfg = Release|Any CPU
		{E5562EFC-BB42-4DFB-B003-69C1FA0AC67E}.Release|Any CPU.Build.0 = Release|Any CPU
	EndGlobalSection
	GlobalSection(SolutionProperties) = preSolution
		HideSolutionNode = FALSE
	EndGlobalSection
	GlobalSection(ExtensibilityGlobals) = postSolution
		SolutionGuid = {72865D61-438A-4E01-BB73-176847175336}
	EndGlobalSection
EndGlobal
